# This file was autogenerated by uv via the following command:
#    uv export --extra dev --extra freeze --no-emit-project -o requirements.lock
altgraph==0.17.5 \
    --hash=sha256:c87b395dd12fabde9c99573a9749d67da8d29ef9de0125c7f536699b4a9bc9e7 \
    --hash=sha256:f3a22400bce1b0c701683820ac4f3b159cd301acab067c51c653e06961600597
    # via
    #   macholib
    #   pyinstaller
annotated-types==0.8.0 \
    --hash=sha256:13b2beaad985e05e2d6407ee4c4f35590b11f8d693a258a561055cac8f64cab7 \
    --hash=sha256:f072f4d804ea359e4eaf198b1af7a8b0943881a87f31bb764f8bf219bb9419e0
    # via pydantic
cfgv==3.5.0 \
    --hash=sha256:a8dc6b26ad22ff227d2634a65cb388215ce6cc96bbcc5cfde7641ae87e8dacc0 \
    --hash=sha256:d5b1034354820651caa73ede66a6294d6e95c1b00acc5e9b098e917404669132
    # via pre-commit
colorama==0.4.6 \
    --hash=sha256:08695f5cb7ed6e0531a20572697297273c47b8cae5a63ffc6d6ed5c201be6e44 \
    --hash=sha256:4f1d9991f5acc0ca119f9d443620b77f9d6b33703e51011c16baf57afb285fc6
    # via
    #   pyqtgraph
    #   pytest
contourpy==1.3.3 \
    --hash=sha256:083e12155b210502d0bca491432bb04d56dc3432f95a979b429f2848c3dbe880 \
    --hash=sha256:13b68d6a62db8eafaebb8039218921399baf6e47bf85006fd8529f2a08ef33fc \
    --hash=sha256:1fd43c3be4c8e5fd6e4f2baeae35ae18176cf2e5cced681cca908addf1cdd53b \
    --hash=sha256:22e9b1bd7a9b1d652cd77388465dc358dafcd2e217d35552424aa4f996f524f5 \
    --hash=sha256:2a2a8b627d5cc6b7c41a4beff6c5ad5eb848c88255fda4a8745f7e901b32d8e4 \
    --hash=sha256:33c82d0138c0a062380332c861387650c82e4cf1747aaa6938b9b6516762e772 \
    --hash=sha256:66c8a43a4f7b8df8b71ee1840e4211a3c8d93b214b213f590e18a1beca458f7d \
    --hash=sha256:6afc576f7b33cf00996e5c1102dc2a8f7cc89e39c0b55df93a0b78c1bd992b36 \
    --hash=sha256:95b181891b4c71de4bb404c6621e7e2390745f887f2a026b2d99e92c17892339 \
    --hash=sha256:a22738912262aa3e254e4f3cb079a95a67132fc5a063890e224393596902f5a4 \
    --hash=sha256:ab2fd90904c503739a75b7c8c5c01160130ba67944a7b77bbf36ef8054576e7f \
    --hash=sha256:afe5a512f31ee6bd7d0dda52ec9864c984ca3d66664444f2d72e0dc4eb832e36 \
    --hash=sha256:b7301b89040075c30e5768810bc96a8e8d78085b47d8be6e4c3f5a0b4ed478a0 \
    --hash=sha256:b7448cb5a725bb1e35ce88771b86fba35ef418952474492cf7c764059933ff8b \
    --hash=sha256:ca658cd1a680a5c9ea96dc61cdbae1e85c8f25849843aa799dfd3cb370ad4fbe \
    --hash=sha256:cbedb772ed74ff5be440fa8eee9bd49f64f6e3fc09436d9c7d8f1c287b121d77 \
    --hash=sha256:cf9022ef053f2694e31d630feaacb21ea24224be1c3ad0520b13d844274614fd \
    --hash=sha256:d304906ecc71672e9c89e87c4675dc5c2645e1f4269a5063b99b0bb29f232d13 \
    --hash=sha256:e74a9a0f5e3fff48fb5a7f2fd2b9b70a3fe014a67522f79b7cca4c0c7e43c9ae \
    --hash=sha256:ea37e7b45949df430fe649e5de8351c423430046a2af20b1c1961cae3afcda77 \
    --hash=sha256:f64836de09927cba6f79dcd00fdd7d5329f3fccc633468507079c829ca4db4e3 \
    --hash=sha256:fd6ec6be509c787f1caf6b247f0b1ca598bef13f4ddeaa126b7658215529ba0f \
    --hash=sha256:fde6c716d51c04b1c25d0b90364d0be954624a0ee9d60e23e850e8d48353d07a
    # via matplotlib
coverage==7.15.3 \
    --hash=sha256:0b273f4ff657446a06c2d85bf80e134fa869a92852ba5f87854a70e1fb44da77 \
    --hash=sha256:1e3bb08ad574bd9fb6a991f645728f70d333c1c1958dd5fcde65e24cb862813d \
    --hash=sha256:447f5421ccf5475956cf516d4ca1d575f487947b6f4e11f9d80c6aefe24b3dc8 \
    --hash=sha256:44c41eff9e413fed8740eca75d5438ebeb9d3e45e7cd37c67329213e7a72c764 \
    --hash=sha256:4df21bef8b800eebda9018f53d49c9ace3aeb0090c850139b27923aafcb83e91 \
    --hash=sha256:5318dd51b8600b947e058cf5a4fe54d183d9d13c49b97b64ca7be05a34df9bef \
    --hash=sha256:54146bafb61f3ba9895b43af0dd17eba01561d586d44ce84ea221b0cbbee5a9e \
    --hash=sha256:60874e5bd67f0b1bdbe42ab42c7bafa66a6fb8de88721af6df3f7a02713960cd \
    --hash=sha256:61a01f8c3804760fcc5a3d31c4f3cab792d660d44e17bf7adeaf0ea51e07821e \
    --hash=sha256:6433fafb8da0e1d02eb53411e0ecdadb6b88f0224fdc23317e703c0e88937d42 \
    --hash=sha256:64d0845f9c3ed47302bed265c15ab4dbb64aa4ec1490839b8e328f4e7fa914d2 \
    --hash=sha256:66591c46bdd2971d3ae2bc503a5f0459c2edcaf6b7e045b292000cc95bc6cb95 \
    --hash=sha256:69bc14684f8fbbee9f9dbaa4fe79719b0da9725fc37956785c06ec365acf6926 \
    --hash=sha256:722dbf8e7828fbcfe0dc8586167dc0a5ce85ad6ea171dbb21ed3f8d6581d3cb8 \
    --hash=sha256:7a0c77ef8cd483a4987a5d12d1d9d5f7ee598dfdc6c0844417d847e5768dc779 \
    --hash=sha256:93ff57c530f3fa7aa69f92fb9b8892b8aa82712aa970842f4abf28657f42fb57 \
    --hash=sha256:95bf3e7f26f792e25eb185f85a5a659d48479265176dcfe22b6f334fd0081b5c \
    --hash=sha256:9e5860eaff02a0b7f1b73304bdf846596ee62ab3a78d25c68044ebf684cb1fef \
    --hash=sha256:a1b82490577f3889950b5a04f18712aef0207243e0749d60fe28c3c73ebfd5fd \
    --hash=sha256:ae7ea5a4614acf399ef0483c4cb34f8f8f01df848d8fcbe7d3ce0865733f1c4d \
    --hash=sha256:af000dd1bb859ff8066fda4c79512ff938c798116540307226b373099c7b151f \
    --hash=sha256:c4fc90a60154c3e4b8a2dc206d6dbe852f1c235c249e0dc0cef909d032c9591a \
    --hash=sha256:c995bfa383c54704839b6c4c2627a1c00895597ada0e5e8190c81d8bd620555c \
    --hash=sha256:caa64458b81b18bfc67cdf1f6dc02b23e3edc672f2f8e11771fad75865415a43 \
    --hash=sha256:d2e1acb7aee29dfa8f3e48c23f36670898baca1209d9bdd3985a50c7f982165e \
    --hash=sha256:da78fa6fc7dafe4212839173133ee85afcf42c5cd5f3e47fa7c1c210453b445e \
    --hash=sha256:daea8c4fafa22488600405be2c2be525a9406fba3fc0a83acc726db3e14e2005 \
    --hash=sha256:db567b02685f26034adcbd85055f80d12cdf02111b8ed00886093d98b2874ce2 \
    --hash=sha256:f25bb884814a892948b4c20394db3f2364dd452d9492736479e7a493e63b0eb6 \
    --hash=sha256:f9147be876e9d83765e0b82176674dc248a6b9283e25e01e7462611b97e9b731 \
    --hash=sha256:f92df943c24b96cb215ca26b4f6a2283e63c5db80f1635aceea7fff11311917b \
    --hash=sha256:fe578952b1b29fe8c777f43f241d49efac4b56724a3434f5d22ebe3c208df429
    # via pytest-cov
cycler==0.12.1 \
    --hash=sha256:85cef7cff222d8644161529808465972e51340599459b8ac3ccbac5a854e0d30 \
    --hash=sha256:88bb128f02ba341da8ef447245a9e138fae777f6a23943da4540077d3601eb1c
    # via matplotlib
distlib==0.4.3 \
    --hash=sha256:4b0ce306c966eb73bc3a7b6abad017c556dadd92c44701562cd528ac7fde4d5b \
    --hash=sha256:f152097224a0ae24be5a0f6bae1b9359af82133bce63f98a95f86cae1aede9ed
    # via virtualenv
et-xmlfile==2.0.0 \
    --hash=sha256:7a91720bc756843502c3b7504c77b8fe44217c85c537d85037f0f536151b2caa \
    --hash=sha256:dab3f4764309081ce75662649be815c4c9081e88f0837825f90fd28317d4da54
    # via openpyxl
filelock==3.32.2 \
    --hash=sha256:87dd94cf281e586d135fa51132b8e3d9a598b316e90377a288663c9321036c82 \
    --hash=sha256:c33351e1f49cae33414acbc6d56784e6ecee82514ec90795da1161fc4836b5b8
    # via
    #   python-discovery
    #   virtualenv
fonttools==4.63.0 \
    --hash=sha256:0eac00b9118c3c2f87d272e45341871c5b3066baa3c86897fa634a7c3fb59096 \
    --hash=sha256:22693918177bd9ceabec4736d338045f357769416fc6b0b2508eefef75b08616 \
    --hash=sha256:308f957cdeaf8abe4e5f2f124902ef405448af92c90f80e302a3b771c2e6116b \
    --hash=sha256:445af2eab030a16b9171ea8bdda7ebf7d96bda2df88ee182a464252f6e05e20d \
    --hash=sha256:51394295f1a51de8b5f30bdb1e1b9a4231536c7064ef5c6e211eec19fa36036f \
    --hash=sha256:6b2248c5decb223562f7902ff6325077a073f608ee8e33e88ad88db734eb9f49 \
    --hash=sha256:6d4741eb179121cab9eea4cb2393d24492373a260d7945006358c08cfbf45419 \
    --hash=sha256:6db5140a60a5d731d21ec076745b40a310607731b0a565b50776393188649001 \
    --hash=sha256:6e528da43bc3791085f8cb6141b1d13e459226790240340fcbb4625649238b03 \
    --hash=sha256:796f27556dbe094c4824f75ca85267e4df776c79036c8441469a4df37038c196 \
    --hash=sha256:7d76edbff9014094dbf03bd2d074709dfa6ec7aba13d838c937a2b33d2d6a86e \
    --hash=sha256:7d782fac32985914c351556f68ac0855391572bcd87de50e05970d3cd4c96fc5 \
    --hash=sha256:948428a275741f0b64b113c955425a953314f4b9ab9997f73a72c83e68e569c8 \
    --hash=sha256:9e12f105d2b6342c559c298afb674006bb2893afc7102dcf8a1b55b0486b4e40 \
    --hash=sha256:bf00f21eb5fb721dbaf73d1e9da6d02a1af7768f2ebcf9798be98beab8ba90f6 \
    --hash=sha256:c1aaa4b9c75798400ac043ce04d74e7830376c85095a5a6ed7cba2f17a266bf4 \
    --hash=sha256:caeb583deeb5168e694b65cda8b4ee62abedfa66cf88488734466f2366b9c4e0 \
    --hash=sha256:fd1e3094f42d806d3d7c79162fc59e5910fcbe3a7360c385b8da969bc4493745
    # via matplotlib
hypothesis==6.165.0 \
    --hash=sha256:01c485be9970a40935b2d2f277d751d60aaa910e4dc5ec337828e80c9c8dfdc8 \
    --hash=sha256:0bbc39067ba06514fc0c934c34863492403ffc708a07d6a506b9460058550127 \
    --hash=sha256:1f786c76577ec0639390baf0b4c12491fa909131e41de76078a4a886ccd40661 \
    --hash=sha256:22d3b846796593117a1227b6d9e8c0c1269ce6327fa6345fb50f24a038e1a0c1 \
    --hash=sha256:38222e75db0f348c8ddaab10903fc3971846f11363e64efdb4794f34aed6494f \
    --hash=sha256:47d419899477ed35704d4f90f82aadbaa50080d7d0ff33db6727bbc4b1c3956d \
    --hash=sha256:4e0fb8c29ad35fefa25f38c0bbc1b2eee28d1e4a796a977491445b05d11cb1ae \
    --hash=sha256:510518cb4259916685151aa41c44a3999534c35eee921dcfbc4ea4e4631bd6d2 \
    --hash=sha256:51dbf9192af532f9081c90f00afb0a7684da5543ccae8ab9507da269b6702ccf \
    --hash=sha256:584734f6380f1965498bff2f72af307c182b3398a9c4e1b2f31e43dd1aa9c922 \
    --hash=sha256:5e811db36037576b277d8fc390d3fcb94d7924ec861d05adb0cdfd8e3ea86822 \
    --hash=sha256:61d99c493f759809e64dbe544a47948537460c9f03f916d66291bb63965fc91a \
    --hash=sha256:6536572500e926ec8128069fda8bbcd13019484e0d5c1b4a82b6ef50417bcfbe \
    --hash=sha256:68629657d49b7dba3f061d0224441df068c0c03e7a17efc278782f637d810db7 \
    --hash=sha256:6bcb354b9bfc7dcf5fbcb559cd5b3f48e0d92a4f1f6e5fbcf9fbc8cc82e51e61 \
    --hash=sha256:70dd766e80e575580e635d6661f945ef07055e66075a93fd489d53611cb5a7a1 \
    --hash=sha256:71721d9de23b60f5436a1b8b8fddccd6df606efbb406f36254195089974518ee \
    --hash=sha256:7a14b7905e4aad404c820bd01f8a1272042123233edf04149b847db2c5076584 \
    --hash=sha256:90633ec15635385723d29a1e9b6fe8f63e17b33641353c6b58fc7d277672ef29 \
    --hash=sha256:9b646658e06b72b2bd2396ffe7a08a0edcfa799f649db22e1d59cc8bd5d174e6 \
    --hash=sha256:a384468744915435a25a9f2dcd0a74e9f78f8d56cb51f5ea1c1c4973bd40bd5b \
    --hash=sha256:a998176a8cf1b1914c5cf8beef0b74d0065482aa2a4d0c708e63216245d968c7 \
    --hash=sha256:b402560b0463e643170d904a5987f61bc388718f7b48d4521b7a5b22e6a27019 \
    --hash=sha256:b54e86cb1d7d049eb934e7843f179889252263b24290ebd38549466c9c9351d9 \
    --hash=sha256:bab53228c59978c74c87dba27db4656feaf991f20db5242ea263531477227247 \
    --hash=sha256:c1e134b573c18fb7e79f915ccad3585f81c0b92ff7cf89f6c0b0d966a5ac5156 \
    --hash=sha256:d65562b9866a5a4be4c731bd4018152861997675b92ed6d0f29e925999928f9a \
    --hash=sha256:d86c82a7796d124643d146eef00d873d336d1792a682096358bfee82dde34879 \
    --hash=sha256:dda3707dfdfdc1397b7489ecb81534f47f22f98d468c51c92d591d6967c58b29
    # via certus-optical-suite
identify==2.6.19 \
    --hash=sha256:20e6a87f786f768c092a721ad107fc9df0eb89347be9396cadf3f4abbd1fb78a \
    --hash=sha256:6be5020c38fcb07da56c53733538a3081ea5aa70d36a156f83044bfbf9173842
    # via pre-commit
iniconfig==2.3.0 \
    --hash=sha256:c76315c77db068650d49c5b56314774a7804df16fee4402c1f19d6d15d8c4730 \
    --hash=sha256:f631c04d2c48c52b84d0d0549c99ff3859c98df65b3101406327ecc7d53fbf12
    # via pytest
joblib==1.5.3 \
    --hash=sha256:5fc3c5039fc5ca8c0276333a188bbd59d6b7ab37fe6632daa76bc7f9ec18e713 \
    --hash=sha256:8561a3269e6801106863fd0d6d84bb737be9e7631e33aaed3fb9ce5953688da3
    # via certus-optical-suite
kiwisolver==1.5.0 \
    --hash=sha256:012b1eb16e28718fa782b5e61dc6f2da1f0792ca73bd05d54de6cb9561665fc9 \
    --hash=sha256:0255a027391d52944eae1dbb5d4cc5903f57092f3674e8e544cdd2622826b3f0 \
    --hash=sha256:0cbe94b69b819209a62cb27bdfa5dc2a8977d8de2f89dfd97ba4f53ed3af754e \
    --hash=sha256:0e3aafb33aed7479377e5e9a82e9d4bf87063741fc99fc7ae48b0f16e32bdd6f \
    --hash=sha256:1d49a49ac4cbfb7c1375301cd1ec90169dfeae55ff84710d782260ce77a75a02 \
    --hash=sha256:1dd9b0b119a350976a6d781e7278ec7aca0b201e1a9e2d23d9804afecb6ca681 \
    --hash=sha256:2a075bd7bd19c70cf67c8badfa36cf7c5d8de3c9ddb8420c51e10d9c50e94920 \
    --hash=sha256:377815a8616074cabbf3f53354e1d040c35815a134e01d7614b7692e4bf8acfa \
    --hash=sha256:3cdcb35dc9d807259c981a85531048ede628eabcffb3239adf3d17463518992d \
    --hash=sha256:413b820229730d358efd838ecbab79902fe97094565fdc80ddb6b0a18c18a581 \
    --hash=sha256:4e7f886f47ab881692f278ae901039a234e4025a68e6dfab514263a0b1c4ae05 \
    --hash=sha256:5060731cc3ed12ca3a8b57acd4aeca5bbc2f49216dd0bec1650a1acd89486bcd \
    --hash=sha256:5092eb5b1172947f57d6ea7d89b2f29650414e4293c47707eb499ec07a0ac796 \
    --hash=sha256:5124d1ea754509b09e53738ec185584cc609aae4a3b510aaf4ed6aa047ef9303 \
    --hash=sha256:58f812017cd2985c21fbffb4864d59174d4903dd66fa23815e74bbc7a0e2dd57 \
    --hash=sha256:6783e069732715ad0c3ce96dbf21dbc2235ab0593f2baf6338101f70371f4028 \
    --hash=sha256:70d593af6a6ca332d1df73d519fddb5148edb15cd90d5f0155e3746a6d4fcc65 \
    --hash=sha256:7a4aa69609f40fce3cbc3f87b2061f042eee32f94b8f11db707b66a26461591a \
    --hash=sha256:80aa065ffd378ff784822a6d7c3212f2d5f5e9c3589614b5c228b311fd3063ac \
    --hash=sha256:8df31fe574b8b3993cc61764f40941111b25c2d9fea13d3ce24a49907cd2d615 \
    --hash=sha256:bc4d8e252f532ab46a1de9349e2d27b91fce46736a9eedaa37beaca66f574ed4 \
    --hash=sha256:bdd3e53429ff02aa319ba59dfe4ceeec345bf46cf180ec2cf6fd5b942e7975e9 \
    --hash=sha256:d168fda2dbff7b9b5f38e693182d792a938c31db4dac3a80a4888de603c99554 \
    --hash=sha256:d1ffeb80b5676463d7a7d56acbe8e37a20ce725570e09549fe738e02ca6b7e1e \
    --hash=sha256:d4193f3d9dc3f6f79aaed0e5637f45d98850ebf01f7ca20e69457f3e8946b66a \
    --hash=sha256:d618fd27420381a4f6044faa71f46d8bfd911bd077c555f7138ed88729bfbe79 \
    --hash=sha256:d76e2d8c75051d58177e762164d2e9ab92886534e3a12e795f103524f221dd8e \
    --hash=sha256:e4415a8db000bf49a6dd1c478bf70062eaacff0f462b92b0ba68791a905861f9 \
    --hash=sha256:e7a116ae737f0000343218c4edf5bd45893bfeaff0993c0b215d7124c9f77646 \
    --hash=sha256:e7c4c09a490dc4d4a7f8cbee56c606a320f9dc28cf92a7157a39d1ce7676a657 \
    --hash=sha256:fa6248cd194edff41d7ea9425ced8ca3a6f838bfb295f6f1d6e6bb694a8518df
    # via matplotlib
llvmlite==0.48.0 \
    --hash=sha256:054aa7d46595935565f276cf0c1659b4f10929c996dd4a606875fae26fba2a23 \
    --hash=sha256:05f0103c8f2f96a37441337e3643863c01b8e83e530aff38960dcb383c54a065 \
    --hash=sha256:1d9f952dff6c350c529997423d4fa43abae9722a884ac7ffafc37a3af676e7db \
    --hash=sha256:321f1ac39b462603f0b589751aecf2d237d056f6d005749c1752b6f23ec3f074 \
    --hash=sha256:37d66fae72802175b0bfe1ea06e624b51e2d7aee6c3c34bbd09739b8f88e8e0b \
    --hash=sha256:543b19f9ef8f3c7c60d1468191e4ee1b1537bf9f8a3d56f64c0ddd98de92edd2 \
    --hash=sha256:7a5c413317050a1d67c34708bde97707f9b2257ef1017f7532d21fe7d9a9ff30 \
    --hash=sha256:966dcab0a598e2bd8fb5f2cc082cf7b07bae564fc485a3a8692393caf986facf \
    --hash=sha256:d0b3c61aac83b42fb48cc96bffbf57c81b82b2aa92276b7ed6420c814629a99a
    # via numba
macholib==1.16.4 ; sys_platform == 'darwin' \
    --hash=sha256:da1a3fa8266e30f0ce7e97c6a54eefaae8edd1e5f86f3eb8b95457cae90265ea \
    --hash=sha256:f408c93ab2e995cd2c46e34fe328b130404be143469e41bc366c807448979362
    # via pyinstaller
matplotlib==3.11.1 \
    --hash=sha256:191163532cdefcb1571ca38a6d7e6474baccde64495783e6ba47aa07ec4b9bbb \
    --hash=sha256:30c492d4ba9448595b6fd8708c6725963f8148e25c0d8842948da5b05f0ee8d3 \
    --hash=sha256:3d3fd84082b1afbd9398466c81309e20045be20d48fe0fb18c43504d164cbbb2 \
    --hash=sha256:54d47b8ae8b579633a3902ca5b4ad6c1e132a5626d64447b2e22a66394e79987 \
    --hash=sha256:5af0dcda57d471440a7b5b623e70e0a61003518443d9098f211a96ecfbbc25be \
    --hash=sha256:69647db5746941c793d6e445a4cd349323ffb87d9cc958c2ad84a659b4832d30 \
    --hash=sha256:6be943cb68bc6660ead58c55b3aa6366cba2ef7feb06460fbcce32360376f19f \
    --hash=sha256:89b193b255f4f6f7948dbcee3691f4f341ab05d9a8874a67b45ddb4182922eda \
    --hash=sha256:9601a1e90be21e4884c53b4f3dc3ee0544654946f9975258d691f1c2e2f119c6 \
    --hash=sha256:9fdf1c818ab05d0e74002091ddaf414478a3a449ec9d51c8976d45be7e3a01e2 \
    --hash=sha256:ac104be2768ffdd8655db9e71b768cbb45f2b9aa7b450cf1595e8f65d3822319 \
    --hash=sha256:ae30c6109848ac0f9fa36c5d6270938487614c47ba31860bd5361266dabc5685 \
    --hash=sha256:b937b9dba5f5f6c1e31c47abe2186c865c0914fd18f2ce0dfc39c9adcef5951d \
    --hash=sha256:dadfe80797174e2984aae3be0b77594a3c72d2c0a40fbd4a0de48d2728caf3ae \
    --hash=sha256:f2912f647f3fbe1ccf085f91e213936f9101bead81a5e670565b1f1b3712f4fb
    # via certus-optical-suite
nodeenv==1.10.0 \
    --hash=sha256:5bb13e3eed2923615535339b3c620e76779af4cb4c6a90deccc9e36b274d3827 \
    --hash=sha256:996c191ad80897d076bdfba80a41994c2b47c68e224c542b48feba42ba00f8bb
    # via pre-commit
numba==0.66.0 \
    --hash=sha256:46ae5f2b19e2af3c33c2df100306a90ea2f981c8158b0390f8bf6c20eee7357e \
    --hash=sha256:63b943eb2c9ba371908ce2cd6dfc643db51fc40f7966993376a1701bc922f537 \
    --hash=sha256:651a2b53298340956db26ecbe7ab043106b50a40c2807e66d617a4917245a4ab \
    --hash=sha256:8c1144ba1720ea59ad79f4f488ed54d149b2613b357f7e445678b7d0739c70e9 \
    --hash=sha256:b900e63a0e26c05ea9a6d5a3a5a0a177cb64c5011887bf43edb8c3ed2c38d363 \
    --hash=sha256:bd57790acd20f6a468e0ad333ef6b82355e309a92310fb7dff80e919f01a21a9 \
    --hash=sha256:d426178fb991a85714c43112a8ea7b9d9579ea856ad8dcdb9c1c3941903ba5be \
    --hash=sha256:db7735d15ea17a283d6485b9fa3504769f78fd86e5146638ad5e8da57c031b9e \
    --hash=sha256:e2b101f23b8b63978d334574d2039f27f0dccfe1d891756f33a2e2f3e4c88cf4
    # via certus-optical-suite
numpy==2.4.6 \
    --hash=sha256:06ca2f61ec4385a07a6977c55ba998a4466c123642b4a32694d3128fce18c079 \
    --hash=sha256:0a041d3d761dc3c35cc56ce0351506a02bcbc25f7b169f652435141a17db9096 \
    --hash=sha256:0c9136e14ed34a9e343a31c533d78a9813a69a3148332bce5e9821cb2f996e66 \
    --hash=sha256:17f9ade344e7d9b464a084d69bcf18fc691cb1db67c62ed80820bf4926d78f0e \
    --hash=sha256:260a5d70215b61ab4fadf5c7baacd64821842975eea312125ed3c39a6391b063 \
    --hash=sha256:29cb7f67d10b479ff07c17d33e39f78c07f71c40ef30d63c153d340e96cd3fb4 \
    --hash=sha256:33111801a01c12a8a1e3721f0a9232f8cfc8ae2c6b7098167e6f623c6073f402 \
    --hash=sha256:38efbc8de75c7a0fc1ac190162d892787f3f47b57cc291231aafee36b80982b7 \
    --hash=sha256:40fdc1ae7125e518ea98e53e69a4ebc27e1fd50510c47b7ea130cf21e5e1d42b \
    --hash=sha256:6f41ae150c4e32db4f3310cdaf64b1593a03dbabe29eec77fc9b50fe64061df6 \
    --hash=sha256:7d92c3819208a60205a12a245c91ad70cb0a85336659b19b834205573ac8456e \
    --hash=sha256:81a1cca95ed5bb92aa8b10dd2cdc9a0d3853a50fad926c28b5d7e8ea54389627 \
    --hash=sha256:9cd5ffd25db4e7ba6a375693b3fc0fc1791ec636c17db3720da19bde7180ec43 \
    --hash=sha256:a2c306dea656c12c68f51f4cea133cbe78ca7435eb28c735eac1d3ebe73be6e8 \
    --hash=sha256:aaf159caa35993cb1f56fb9b8e4610d35758e7ca005412eb1daa856a78c9c4b1 \
    --hash=sha256:ae506e6902902557576a26ff33eda8695e7ecb3cb36c3b573a0765dee114ebdb \
    --hash=sha256:b507f5c4c1d508876d1819b6bf9a49d365b96320b5d4993426b33a23ca4b8261 \
    --hash=sha256:d581b735e177fdcdce6fed8e7e8880a3fb6ee4e3653a3ac6af01c6f4c03effc5 \
    --hash=sha256:e3e5193ef5a3dc73bceee50f7fdc2c90dbb76c42df8d8fae3d1067a583df579e \
    --hash=sha256:e85b752a1e912b70eaad4fafbd4d1238007ab221de2009b9a2f5ae7461239895 \
    --hash=sha256:ece3d2cfe132e7d51f44a832b303895e6f2d499c5e74dfbdb06ee246147a304a \
    --hash=sha256:f3a3570c4a2a16746ac2c31a7c7c7b0c186b95ce902e33db6f28094ed7387dda
    # via
    #   certus-optical-suite
    #   contourpy
    #   matplotlib
    #   numba
    #   pandas
    #   pyqtgraph
    #   scipy
openpyxl==3.1.5 \
    --hash=sha256:5282c12b107bffeef825f4617dc029afaf41d0ea60823bbb665ef3079dc79de2 \
    --hash=sha256:cf0e3cf56142039133628b5acffe8ef0c12bc902d2aadd3e0fe5878dc08d1050
    # via certus-optical-suite
packaging==26.2 \
    --hash=sha256:5fc45236b9446107ff2415ce77c807cee2862cb6fac22b8a73826d0693b0980e \
    --hash=sha256:ff452ff5a3e828ce110190feff1178bb1f2ea2281fa2075aadb987c2fb221661
    # via
    #   matplotlib
    #   pyinstaller
    #   pyinstaller-hooks-contrib
    #   pytest
pandas==3.0.5 \
    --hash=sha256:1c10461f6eeb35d8f05b6184c65c8b9991663b66c46b1d559b682cb34ae7c6ea \
    --hash=sha256:2f264fc46911cc8131a7322a16199bbf8e353d27c10bb211f5bd0c814324dc36 \
    --hash=sha256:303da736987d481074ca720ada325f8bd80c64ebc2d45ed79b29df3aaa4a26ca \
    --hash=sha256:3b2801bbb049d0136f6c213eae02b5fca969384fc2064dd728d8620552aa49da \
    --hash=sha256:3c5015fd1730fbf883647e88068176c839c102cea883ba1769a6f4593bfc1f8c \
    --hash=sha256:3c5ed2e7c06e91d340dfd091d7934f9bc82e4a36b95f647f090b9d1c9ac649da \
    --hash=sha256:5183427f5a8156d480f30333777bc978be93650a49a7c01db26adffe95b31e85 \
    --hash=sha256:53730687fcd161883b24e10411c06d6a4c0f2275d2faf3bb2bc25deb4ba8007c \
    --hash=sha256:960d3ebcf249f75206899fcd2c6de53f736b7265759ced0d3e559df0b8b709b0 \
    --hash=sha256:9e94c2c5ca43bd3ca32bf64d32308887b65e5f9bfd8023ea52755107a999f93b \
    --hash=sha256:b58b1b39d46a5862e3fb18f50d1a201398619d16a0f9f73f57eea5583cf0e63c \
    --hash=sha256:cce3a9d11d2b1f82c69a27ec1f4948a170e2c403c4bbfa8cca62e3fdebe2ef3a \
    --hash=sha256:cd8f7c6dc98527058ee6264219343f5392240a6f1bfa654fc5d79023020d0c92 \
    --hash=sha256:dca3734d6ab7c906e6730f0788b0a1dbb9f2467731f9711f77995c8e9d62d712 \
    --hash=sha256:e2759e890db96dfcffdbd9b86c3c2cb6afaf58def482820317e06163ec1066cd \
    --hash=sha256:e819dd5f62966b481a8cb649d3299ebd886a1ea91ed5a99bf7ce77c98d18ab94 \
    --hash=sha256:ef01af4d8dc6cd2c8d6c7736f149574ef93fe043811eeb5e445f2647154b5040
    # via certus-optical-suite
pefile==2024.8.26 ; sys_platform == 'win32' \
    --hash=sha256:3ff6c5d8b43e8c37bb6e6dd5085658d658a7a0bdcd20b6a07b1fcfc1c4e9d632 \
    --hash=sha256:76f8b485dcd3b1bb8166f1128d395fa3d87af26360c2358fb75b80019b957c6f
    # via pyinstaller
pillow==12.3.0 \
    --hash=sha256:06ff022112bc9cbf83b60f8e028d94ad87b60621706487e65f673de61610ab59 \
    --hash=sha256:0740a512dc522224c77d9aa5a8d70d8b7d73fb91f2c21125d8d025d3b8990e45 \
    --hash=sha256:0feb2e9d6ad6c9e3c06effe9d00f3f1e618a6643273576b016f591e9315a7139 \
    --hash=sha256:1182d52bc2d5e5d7d0949503aa7e36d12f42205dc287e4883f407b1988820d39 \
    --hash=sha256:164b31cd1a0490ab6efae01aa5df49da7061be0af1b30e035b6e9a1bfe34ee6e \
    --hash=sha256:1657923d2d45afb66526e5b933e5b3052e6bdea196c90d3abb2424e18c77dae8 \
    --hash=sha256:186941b6aef820ad110fb01fb06eb925374dc3a21b17e37ec9a53b250c6fe2d1 \
    --hash=sha256:23aceaa007d6172b02c277f0cd359c79492bbb14f7072b4ede9fbcaf20648130 \
    --hash=sha256:24870b09b224f7ae3c39ed07d10e819d06f8720bc551847b1d623832b5b0e28d \
    --hash=sha256:251bf95b67017e27b13d82f5b326234ca62d70f9cf4c2b9032de2358a3b12c7b \
    --hash=sha256:28ce87c5ab450a9dd970b52e5aca5fe63ed432d18a2eaddd1979a00a1ba24ace \
    --hash=sha256:30f2aa603c41533cc25c05acd0da21636e84a315768feb631c937177db558931 \
    --hash=sha256:3b8182a766685eaa002637e28b4ec8d6b18819a0c71f579bf0dbaa5830297cce \
    --hash=sha256:3edce1d53195db527e0191f84b71d02022de0540bf43a16ed734ed7537b07385 \
    --hash=sha256:446c34dcc4324b084a53b705127dc15717b22c5e140ae0a3c38349d4efec071e \
    --hash=sha256:4998562bf62a445225f22e07c896bb04b35b1b1f2eb6d760584c9c51d7a5f78c \
    --hash=sha256:4b0a7fe987b14c31ebda6083f74f22b561fd3739bc0ac51e019622e3d72668c7 \
    --hash=sha256:53aa02d20d10c3d814d536aa4e5ac9b84ca0ff5a88377963b085ad6822f93e64 \
    --hash=sha256:57b3d78c95ba9059768b10e28b813002261d3f3dfc55cc48b0c988f625175827 \
    --hash=sha256:5afb51d599ea772b8365ae807ae557f18bccfe46ab261fd1c2a9ed700fc6eb17 \
    --hash=sha256:6b02afb9b97f65fbca5f31db6a2a3ba21aa93030225f150fa3f249717e938fb4 \
    --hash=sha256:71d6097b330eea8fd15097780c8e89cb1a8ce7838669f48c5bacd6f663dd4701 \
    --hash=sha256:8728f216dcdb6e6d555cf971cb34076139ad74b31fc2c14da4fafc741c5f6217 \
    --hash=sha256:877c3f311ff35410f690861c4409e7ccbf0cd2f878e50628a28e5a0bb689e658 \
    --hash=sha256:8cd2f7bdda092d99c9fc2fb7391354f306d01443d22785d0cbfafa2e2c8bb418 \
    --hash=sha256:962864dc93511324d51ddbb5b9f8731bf71675b93ca612a07441896f4688fb8c \
    --hash=sha256:9cf95fe4d0f84c82d282745d9bb08ad9f926efa00be4697e767b814ce40d4330 \
    --hash=sha256:9e881fca225083806662a5c43d627d215f258ff43c890f831966c7d7ba9c7402 \
    --hash=sha256:a45650e8ce7fafffd731db8550230db6b0d306d181a90b67d3e6bca2f1990930 \
    --hash=sha256:af8d94b0db561cf68b88a267c5c44b49e134f525d0dc2cb7ed413a66bc23559a \
    --hash=sha256:ba54cfebe86920a559a7c4d6b9050791c20513650a1952ebe3368c7dc70306f8 \
    --hash=sha256:bf16ba1b4d0b6b7c8e534936632270cf70eb00dbe09005bc345b2677b726855c \
    --hash=sha256:cf1845d02ad822a369a49f2bb9345b1614744267682e7a03527dc3bf6eea1777 \
    --hash=sha256:dc624f6bc473dacdf7ef7eb8678d0d08edf15cd94fad6ae5c7d6cc67a4e4902f \
    --hash=sha256:e158cb00350dc278f3b91551101aa7d12415a66ebf2c91d8d5ac14e56ddd3ad0 \
    --hash=sha256:e795b7eb908249c4e43c7c99fac7c2c75dab0c43566e37db472a355f63693d71 \
    --hash=sha256:e91206ee562682b51b98ef4b26a6ef48fd84e15fd4c4bc5ec768eb641d206838 \
    --hash=sha256:e9871b1ffbfa9656b60aeee92ed5136a5742696006fa322b29ea3d8da0ecc9cf \
    --hash=sha256:e9aeb04d6aef139de265b29683e119b638208f88cf73cdd1658aa07221165321 \
    --hash=sha256:f13c32a3abd6079a66d9526e18dad9b6d280384d49d7c54040cd57b6424041d9 \
    --hash=sha256:fa4ecea169a355be7a3ade2c783e2ed12f0e40d2c5621cda8b3297faf7fbb9f5 \
    --hash=sha256:fdafc9cce40277e0f7a0feabce0ee50dd2fa1800f3b38015e51296b5e814048d \
    --hash=sha256:fe3cca2e4e8a592be0f269a1ca4835c25199d9f3ce815c8491048f785b0a0198
    # via matplotlib
platformdirs==4.11.0 \
    --hash=sha256:0555d18370482847566ffabcaa53ad7c6c1c29f195989ae1ed634a05f76ea1e0 \
    --hash=sha256:360ccded2b7fce0af0ff80cc8f5942a1c5d99b0e856033acb030bfc634709e74
    # via virtualenv
pluggy==1.6.0 \
    --hash=sha256:7dcc130b76258d33b90f61b658791dede3486c3e6bfb003ee5c9bfb396dd22f3 \
    --hash=sha256:e920276dd6813095e9377c0bc5566d94c932c33b27a3e3945d8389c374dd4746
    # via
    #   pytest
    #   pytest-cov
pre-commit==4.6.1 \
    --hash=sha256:03e809865c7d178b9979d06c761fcbfe6808fdaded8581a745bb110e52050421 \
    --hash=sha256:0e3b2942510d1fb34eec167a3ec57331bf8442122f1153a9fb8b58f5c49b2717
    # via certus-optical-suite
pydantic==2.14.0a1 \
    --hash=sha256:2c3a5627d48f59725564c41b582328a29fa8d9b1108128ef6710463a0136d4fd \
    --hash=sha256:61a1ea8d65df95b681c1fab9cd7d01b2472837f798df53dc6d0f41f0c217b061
    # via certus-optical-suite
pydantic-core==2.47.0 \
    --hash=sha256:04ee7ba7172cb4484af51b2890f19069d35773698abc8c6ebb651f52fbf41134 \
    --hash=sha256:0b5f46412c8226d0c8f1f423c324c75afe342e4b854836933579fb484f68598c \
    --hash=sha256:18c9c7c3a18e9bdbf1215d913f6bd00e17595dc92949817935cb87a3cf5f1697 \
    --hash=sha256:1a2f7ceb58013d167d8c96f10ec9b3a137018c819ba356f68ff1cb74302fd22e \
    --hash=sha256:1e859dd5e06e9807080e14995db131649a77c61131cc464a7fe492a69ce82488 \
    --hash=sha256:1f0a9659a2eb161573418e3138f616101ba21bbd2ff04916dca7b6712155e015 \
    --hash=sha256:234ecade0e358caa1ea516c218b3f61e61e30532cad1a8bb12f2487325838548 \
    --hash=sha256:24017fd3befd4d7cc4a8c71f4a1e9a44d29fdc91723c5446b0e795ab808adee7 \
    --hash=sha256:2433b8524785cc117e602233bc574879bc8d87f09523edeec51665d5c46cf42d \
    --hash=sha256:25cac08c9735e61e5c0b9f7a85c438661fc0e9da226afdfa984c3da6c5942a5a \
    --hash=sha256:264361b7236d4374fef6342908f87d084a0d58a2f8d0811e99f714309cb0ba7e \
    --hash=sha256:2995074b99242aa28991e0120a3c881babc139e08750a05b7ea7d140644e091d \
    --hash=sha256:2a7acb3e120ddba94372b8146e62ea3a0bce203180e34641c817c87f995c91e0 \
    --hash=sha256:2f72a382886ca85bb1247303b9134cf9978c9d454de62e710a1ebcd9d2131927 \
    --hash=sha256:422c1797a7864b2a9a996435aba92fe571fb80190f67a31edbc1ac040c7b51fe \
    --hash=sha256:482b097637fec5037eb13fe9f9d5fe47e568a5b451d686bc2b854076cc0b50ca \
    --hash=sha256:52d40e074da44e42b2425aedebd513e405a31807036ef597175117a9b01743a6 \
    --hash=sha256:53368beaf693f6302a6e33bdefe950857534a04d282811421bd20176d0fb5636 \
    --hash=sha256:58158d0111e86893bc35aacabe509f951ed303cddf8cdba43533190bde317914 \
    --hash=sha256:5c4a885fb50c05903bc703a00830616e680304fdcdd90fc9535a52e72debe712 \
    --hash=sha256:5d2177b44ba7d9d86850f865f362feeaac6a2ed8517a9b505b97ff0b7fdbd7dd \
    --hash=sha256:6e37a6974fbd8fa7cae12285a76970d50b3689ffd6ed7c7fdd176ba81dd22d0e \
    --hash=sha256:7b107cbd764bf68f12a57c7aa5846d868bc7463490a1ac2d0f19bffef624c5a9 \
    --hash=sha256:90cbf7e35d597503cbdb5cd85409cbb75f377290bc7e8e37cc5dfe4f5cc66cf8 \
    --hash=sha256:a1d507f331756f7066cde7c9f35ed78fa78223a54369dbc8a34d6da7a5074fa1 \
    --hash=sha256:a8c7f5fad73eb404f4b84c75f3d9d3865b748ded248b7366341db6e516fc502b \
    --hash=sha256:c5b224dc04c3ff9b08c24419464eb7f6ad7a1049e12284a00bf80df82bd15fdb \
    --hash=sha256:cdf4dc2cdd0eacad1bd81c4d25422b4c25b206acae095d2d64e5d5cb7facc6b3 \
    --hash=sha256:dfa0820888cc4549fcce7e6bd8affa7d75198d885ccd0bb0760def4bb8461862 \
    --hash=sha256:f343c39928097175acf2f7d0cba5c00b0f62265d88a173a4ce264266ac849bd9 \
    --hash=sha256:f8f9f2be064c8bf1189f46f7062fd42765d94f59cfb7db7ef8db19563192110a \
    --hash=sha256:fb57a6b538ec7a01b937986bc093aec530fb056135b6bc9cfdd0bf8460c25bc2
    # via pydantic
pygments==2.20.0 \
    --hash=sha256:6757cd03768053ff99f3039c1a36d6c0aa0b263438fcab17520b30a303a82b5f \
    --hash=sha256:81a9e26dd42fd28a23a2d169d86d7ac03b46e2f8b59ed4698fb4785f946d0176
    # via pytest
pyinstaller==6.21.0 \
    --hash=sha256:327d132389f37912609e01be62810cf96b5aa95b613903e4b8692e0d12fb0eda \
    --hash=sha256:42395ec76df8e8120c36b13339d9db8cab83e316a12839ee303cc00fc941bb74 \
    --hash=sha256:4e3108b3f02384560da70e39b8bf22b0ad597d02bd68a40d76ea91c1cfa00cad \
    --hash=sha256:5fa56746c1e76f93634d018502301378a2d0c382553d37d8c3c34ff436c12dd1 \
    --hash=sha256:605169523a6b5ace39f13dfbff21add9f2bc43df99c7daf9394fefb2c45e8b6f \
    --hash=sha256:697532279f535ad572bda613db4f821540e235c7854ca6da4d3bf0373f4415ee \
    --hash=sha256:6b6374d652107dd4a2eeece903ff82bb4045bb5e1006c5a158a6dcdbefe84bf2 \
    --hash=sha256:7071d4b094d5b40deeef5fa3d3b98a1b846087f7562b49209663d5f9281fe251 \
    --hash=sha256:7fae06c494ce0ebfe6bd3055c0e409def884f63af2e3705d06bd431ad9237fc7 \
    --hash=sha256:bb9fab705983e393a2d1cac77d6972513057ad800215fd861dc15ff5272e98fd \
    --hash=sha256:c6b28d30d8fd99ce162ff3aab5013ed44dbfb747566b1f01b9bed7964d7c14e9 \
    --hash=sha256:f13c95c9c03fb567217135919f93815c305813126780b0ed6e0123cb8acaf025
    # via certus-optical-suite
pyinstaller-hooks-contrib==2026.6 \
    --hash=sha256:bef5002c32f4f50bd55b005da12cff64eca8783e7eaf86a06a62410164bab725 \
    --hash=sha256:fd13b8ac126b35361175edacd41a0d97080b75dd5f4b594ecefefff969509dd3
    # via pyinstaller
pyparsing==3.3.2 \
    --hash=sha256:850ba148bd908d7e2411587e247a1e4f0327839c40e2e5e6d05a007ecc69911d \
    --hash=sha256:c777f4d763f140633dcb6d8a3eda953bf7a214dc4eff598413c070bcdc117cbc
    # via matplotlib
pyqt6==6.11.0 \
    --hash=sha256:0734959955adde095af9a074213a7f73386d1bbbddfc27346b4c0621641a692e \
    --hash=sha256:45dd60aa69976de1918b5ced6b4e7b6a25abd2a919ecef5fd5826ecc76718889 \
    --hash=sha256:8555277989fa7d114cb3c3443fd261d566909f7268ceedd41d93a5f02d37ec05 \
    --hash=sha256:b6324e3501b19b4292c7a55b1f22e82d3e80e519e383ce4fe79b4a754c6f0288 \
    --hash=sha256:bd11b459c54dca068e988a42cf838303334f0d441b9d16d92ae6719fcb5ac6ba \
    --hash=sha256:f7100bc7f72b12581ec479a733f4ad11b8002668e6786e8a445ab6f4d1c743d4
    # via certus-optical-suite
pyqt6-qt6==6.11.1 \
    --hash=sha256:039b1ab619d63d06a87cacf84b581a2b61a30c9ad5bb677553e738afe4dc433a \
    --hash=sha256:120efbedf833e5bbbc3d64ebdb139b44ff34e60f34410c7b1c2c26d230380bda \
    --hash=sha256:254af349e0ef4b2fa581f86ee9d65eb797bb1d4f0c01ae5ceaa7b2446b458be9 \
    --hash=sha256:694486f18b7ab9b1edcdb50e0c9f5cb726e096107da90ae7b0e810f18e2002b3 \
    --hash=sha256:7486c80512e823f2d3087e67f854f0556b345f4368040a853c8dc4d30fd3fe69 \
    --hash=sha256:fd05b31a3c83111b6eb82bb472ccfe531ef823f70d085b82fd1edc5ad2553c54
    # via pyqt6
pyqt6-sip==13.12.0 \
    --hash=sha256:0874073287e6d5b900768b95fca3f0ea23209c1bef5321bb2422f5dca455a899 \
    --hash=sha256:309a69feb94dfc0bec7e224055db376b157ce6d88b94eb4076d2e913b4c62b47 \
    --hash=sha256:6815e719d1fd4c71c0d3ed85e7e91b615959d949dac7af6e3f11a29a3a565676 \
    --hash=sha256:9717fc4271e5d71e1cecadbb3340c3990ea9d58923fbf076b70cf8bc0f339639 \
    --hash=sha256:a7ad45c1e3cec3a2473d37ea9870b6c3baeccc560298623c8eb59265714c06e2 \
    --hash=sha256:beeebe34fdb4d2997310f60a618e332a7097db4f52ae970f5f0a6b8e7105cb18
    # via pyqt6
pyqtgraph==0.14.0 \
    --hash=sha256:7abb7c3e17362add64f8711b474dffac5e7b0e9245abdf992e9a44119b7aa4f5
    # via certus-optical-suite
pytest==9.1.1 \
    --hash=sha256:1088fbde8f2b49d95a549a195707afa7a76a3ce9bcadc26b6d71f0ffda5fe313 \
    --hash=sha256:37a86b45efb9a47a61a36449063e8e18d0cab3161329fc099eb21783169c4f0c
    # via
    #   certus-optical-suite
    #   pytest-cov
pytest-cov==7.1.0 \
    --hash=sha256:30674f2b5f6351aa09702a9c8c364f6a01c27aae0c1366ae8016160d1efc56b2 \
    --hash=sha256:a0461110b7865f9a271aa1b51e516c9a95de9d696734a2f71e3e78f46e1d4678
    # via certus-optical-suite
python-dateutil==2.9.0.post0 \
    --hash=sha256:37dd54208da7e1cd875388217d5e00ebd4179249f90fb72437e91a35459a0ad3 \
    --hash=sha256:a8b2bc7bffae282281c8140a97d3aa9c14da0b136dfe83f850eea9a5f7470427
    # via
    #   matplotlib
    #   pandas
python-discovery==1.5.1 \
    --hash=sha256:ac07f44cade589d954e9d6a1e1468539fdddd2cf676beb51da73e0f156b7c932 \
    --hash=sha256:e2ea8b884cd1701f386eda8cf327b87743f1dc21b7f784470799537d95635384
    # via virtualenv
pywin32-ctypes==0.2.3 ; sys_platform == 'win32' \
    --hash=sha256:8a1513379d709975552d202d942d9837758905c8d01eb82b8bcc30918929e7b8 \
    --hash=sha256:d162dc04946d704503b2edc4d55f3dba5c1d539ead017afa00142c38b9885755
    # via pyinstaller
pyyaml==6.0.3 \
    --hash=sha256:00c4bdeba853cc34e7dd471f16b4114f4162dc03e6b7afcc2128711f0eca823c \
    --hash=sha256:02893d100e99e03eda1c8fd5c441d8c60103fd175728e23e431db1b589cf5ab3 \
    --hash=sha256:16249ee61e95f858e83976573de0f5b2893b3677ba71c9dd36b9cf8be9ac6d65 \
    --hash=sha256:34d5fcd24b8445fadc33f9cf348c1047101756fd760b4dacb5c3e99755703310 \
    --hash=sha256:4a2e8cebe2ff6ab7d1050ecd59c25d4c8bd7e6f400f5f82b96557ac0abafd0ac \
    --hash=sha256:4ad1906908f2f5ae4e5a8ddfce73c320c2a1429ec52eafd27138b7f1cbe341c9 \
    --hash=sha256:501a031947e3a9025ed4405a168e6ef5ae3126c59f90ce0cd6f2bfc477be31b7 \
    --hash=sha256:5190d403f121660ce8d1d2c1bb2ef1bd05b5f68533fc5c2ea899bd15f4399b35 \
    --hash=sha256:66e1674c3ef6f541c35191caae2d429b967b99e02040f5ba928632d9a7f0f065 \
    --hash=sha256:6adc77889b628398debc7b65c073bcb99c4a0237b248cacaf3fe8a557563ef6c \
    --hash=sha256:7c6610def4f163542a622a73fb39f534f8c101d690126992300bf3207eab9764 \
    --hash=sha256:8d1fab6bb153a416f9aeb4b8763bc0f22a5586065f86f7664fc23339fc1c1fac \
    --hash=sha256:93dda82c9c22deb0a405ea4dc5f2d0cda384168e466364dec6255b293923b2f3 \
    --hash=sha256:a80cb027f6b349846a3bf6d73b5e95e782175e52f22108cfa17876aaeff93702 \
    --hash=sha256:b3bc83488de33889877a0f2543ade9f70c67d66d9ebb4ac959502e12de895788 \
    --hash=sha256:c1ff362665ae507275af2853520967820d9124984e0f7466736aea23d8611fba \
    --hash=sha256:c458b6d084f9b935061bc36216e8a69a7e293a2f1e68bf956dcd9e6cbcd143f5 \
    --hash=sha256:d76623373421df22fb4cf8817020cbb7ef15c725b9d5e45f17e189bfc384190f \
    --hash=sha256:ebc55a14a21cb14062aa4162f906cd962b28e2e9ea38f9b4391244cd8de4ae0b
    # via pre-commit
ruff==0.16.1 \
    --hash=sha256:07bf434b1c95f4e093be4532068ef4fcf00924eb2ade8796075980902d6fd54a \
    --hash=sha256:09b05e8b90c2cb06ad63464350e7a45e8e44a2dfe52072ebfba6666ca8d3f596 \
    --hash=sha256:24e9c631573cbca9d20f1283f8f479b2afa4a8503504822bd71a293889f16743 \
    --hash=sha256:26e9ca5c9bc3971f20d3cf18a957f52ffd6a5f6564ff15c4912a144dcac22494 \
    --hash=sha256:30affbcedf59ad5703d9c91f82266e02b47739f797e1a7b6e158e5526a6dae38 \
    --hash=sha256:39897739f112253ee4fdd2e8aa9a4f9ded99fb2be367d5f31dfa4ded6025584c \
    --hash=sha256:4d5f2ed10f8242d83fc08d521301089364e3375375705356f20c0e31606ef3ef \
    --hash=sha256:58edb313b88f0c5460a26adf5f39a37a3be789494a15e3e411e35fa78b89f9a0 \
    --hash=sha256:67e1e1e3fa4f0c82f0e36d4cd61e661f6e7a6196cb1aa92fe0828fa7b8f257cd \
    --hash=sha256:82ae3c0c0d74daf17b968a10b7b3bb3ef297ab7de0c1f749646b25e690ccb150 \
    --hash=sha256:a4665b309891f83f3e3c25447935f1213e9abbd4b5640af7a1f2def9f8d413c1 \
    --hash=sha256:b0d1e1393b7648079e13669de1c1f4fde06d4583e84d8fd5c1551e0a77a2aa75 \
    --hash=sha256:b41bdd48fb420987a9b5212e4957c26ad4abce401fa9ea9d4d85843727945f4f \
    --hash=sha256:d31765e131295b8445caf301e3e8a85b34d1b9b211b4109b7ba457888b051806 \
    --hash=sha256:dbaadaac38c70239f056d306b7476f246b0bf000fa6b3876402acbf5b227eaf8 \
    --hash=sha256:e0d4c20532fca4f7fa609369161d968dd28f65d83dabbd61d8e9c7edbf7001f6 \
    --hash=sha256:fde5a99e2f97479af66edd6622c6d5a2a7592c77cf4153d9e4428f5eeb55b60c \
    --hash=sha256:fedad7c801dabd3fb9741d76aca39246e6ddd9ca446a015875207bf19f1e6bc7
    # via certus-optical-suite
scipy==1.18.0 \
    --hash=sha256:18e9575f1569b2c54174e6159d32942e03731177f63dce7975f0a0c88d102f5b \
    --hash=sha256:1a4441f15d620578772a49e5ab48c0ee1f7a0220e387110283062729136b2553 \
    --hash=sha256:1ad44305cfa24b1ba5803cbbebf033590ccbac1aa5d612d727b785325ab408b0 \
    --hash=sha256:2d8bbdc6c817f5b4006a54d799d4f5bab6f910193cbb9a1ff310833d4d270f61 \
    --hash=sha256:2ef3abc54a4ffc53765374b0d5728532dfdd2585ed23f6b11c206a1f0b1b9af8 \
    --hash=sha256:368e0a705903c466aa5f08eefb39e6b1b6b2d659e7352a31fd9e2438365be0f8 \
    --hash=sha256:3f1ac564d3bf6c03d861d2cd87a1bea0da2887136f7fb1bf519c05a8971452d6 \
    --hash=sha256:40395a5fcd1abee49a5c7aaa98c29db393eedc835138560a588c47ec16156690 \
    --hash=sha256:4c256ee70c0d1a8a2ace807e199ccd4e3f57037433842abb3fb36bc17eaa9578 \
    --hash=sha256:56abf29a7c067dde59be8b9a22d606a4ea1b2f2a4b756d9d903c62818f5dacce \
    --hash=sha256:67b2ad2ad54c72ca6d04975a9b2df8c3638c34ddd5b28738e94fc2b57929d378 \
    --hash=sha256:6aa94e78ec192a30063a5e72e561c28af769dc311190b24fe91774eff1969709 \
    --hash=sha256:7a7f3b01647384dbc3a711e8c6778e0aabbe93959249fef5c7393396bcac0867 \
    --hash=sha256:7c7a51b33ce387193c97f228320cf8e87361daa1bba750638677729598b3e677 \
    --hash=sha256:84031d7b052a54fae2f8632e0ec802073d385476eb9a63079bce6e23ef9283d4 \
    --hash=sha256:8ca01e8ae69f1b18e9a58d91afead31be3cef0dd905a10249dac559ee15460a0 \
    --hash=sha256:945c1761b93f38d7f99ae81ae80c63e621471608c7eeead563f6df025585cd58 \
    --hash=sha256:9aac6192fac56bf2ca534389d24623f07b39ff83317d58287285e7fbd622ff76 \
    --hash=sha256:e40baea28ae7f5475c779741e2d90b1247c78531207b49c7030e698ff81cee3f \
    --hash=sha256:f2a6af57bd9e4a75d70e4117e78a1bbee84f79ae3fbb6d0111005d6ebcc4cb8d \
    --hash=sha256:f351e0dd702687d12a402b867a1b4146a256923e1c38317cbc472f6372b94707
    # via certus-optical-suite
setuptools==83.0.0 \
    --hash=sha256:025bccbbf0fa05b6192bc64ae1e7b16e001fd6d6d4d5de03c97b1c1ade523bef \
    --hash=sha256:29b23c360f22f414dc7336bb39178cc7bcbf6021ed2733cde173f09dba19abb3
    # via pyinstaller
six==1.17.0 \
    --hash=sha256:4721f391ed90541fddacab5acf947aa0d3dc7d27b2e1e8eda2be8970586c3274 \
    --hash=sha256:ff70335d468e7eb6ec65b95b99d3a2836546063f63acc5171de367e834932a81
    # via python-dateutil
sortedcontainers==2.4.0 \
    --hash=sha256:25caa5a06cc30b6b83d11423433f65d1f9d76c4c6a0c90e3379eaa43b9bfdb88 \
    --hash=sha256:a163dcaede0f1c021485e957a39245190e74249897e2ae4b2aa38595db237ee0
    # via hypothesis
typing-extensions==4.16.0 \
    --hash=sha256:481caa481374e813c1b176ada14e97f1f67a4539ce9cfeb3f350d78d6370c2e8 \
    --hash=sha256:dc983d19a509c94dba722ee6abd33940f7c05a89e243c47e907eb4db6f1a43e5
    # via
    #   pydantic
    #   pydantic-core
    #   typing-inspection
typing-inspection==0.4.2 \
    --hash=sha256:4ed1cacbdc298c220f1bd249ed5287caa16f34d44ef4e9c3d0cbad5b521545e7 \
    --hash=sha256:ba561c48a67c5958007083d386c3295464928b01faa735ab8547c5692e87f464
    # via pydantic
tzdata==2026.3 ; sys_platform == 'emscripten' or sys_platform == 'win32' \
    --hash=sha256:4a1518b8993086a7982523e071643f3c0e5f213e75b21318e78bcabfff9d1415 \
    --hash=sha256:dc096730c87af6cab1b171c9d532be840741ff5d459015e7f6947bd7d7e54931
    # via pandas
virtualenv==21.7.1 \
    --hash=sha256:6394973f990536e34c05157179146c020284c42fe01da1dfeb0ba16c345280d9 \
    --hash=sha256:d0dbfaa5483487baea28d7210ef8d24c9d1bd0f10f449eeb215568825a9b334e
    # via pre-commit
xlsxwriter==3.2.9 \
    --hash=sha256:254b1c37a368c444eac6e2f867405cc9e461b0ed97a3233b2ac1e574efb4140c \
    --hash=sha256:9a5db42bc5dff014806c58a20b9eae7322a134abb6fce3c92c181bfb275ec5b3
    # via certus-optical-suite
